
Microsoft Visual Studio Solution File, Format Version 12.00
# Visual Studio Version 17
VisualStudioVersion = 17.4.33403.182
MinimumVisualStudioVersion = 10.0.40219.1
Project("{9A19103F-16F7-4668-BE54-9A1E7A4F7556}") = "MVCProject", "MVCProject.csproj", "{4490340C-6110-4BEA-B61E-D8DF809DF498}"
	ProjectSection(ProjectDependencies) = postProject
		{212C3AF7-5F79-4D88-92B6-E6B211C04BC4} = {212C3AF7-5F79-4D88-92B6-E6B211C04BC4}
		{C66F59D2-9FF8-4410-9311-E658F47EA755} = {C66F59D2-9FF8-4410-9311-E658F47EA755}
		{D590AA97-7029-440B-8F26-4819E5B4289B} = {D590AA97-7029-440B-8F26-4819E5B4289B}
	EndProjectSection
EndProject
Project("{9A19103F-16F7-4668-BE54-9A1E7A4F7556}") = "BusinessLayer", "BusinessLayer\BusinessLayer.csproj", "{C66F59D2-9FF8-4410-9311-E658F47EA755}"
EndProject
Project("{9A19103F-16F7-4668-BE54-9A1E7A4F7556}") = "DataAccessLayer", "DataAccessLayer\DataAccessLayer.csproj", "{212C3AF7-5F79-4D88-92B6-E6B211C04BC4}"
EndProject
Project("{9A19103F-16F7-4668-BE54-9A1E7A4F7556}") = "EntityLayer", "EntityLayer\EntityLayer.csproj", "{D590AA97-7029-440B-8F26-4819E5B4289B}"
EndProject
Global
	GlobalSection(SolutionConfigurationPlatforms) = preSolution
		Debug|Any CPU = Debug|Any CPU
		Release|Any CPU = Release|Any CPU
	EndGlobalSection
	GlobalSection(ProjectConfigurationPlatforms) = postSolution
		{4490340C-6110-4BEA-B61E-D8DF809DF498}.Debug|Any CPU.ActiveCfg = Debug|Any CPU
		{4490340C-6110-4BEA-B61E-D8DF809DF498}.Debug|Any CPU.Build.0 = Debug|Any CPU
		{4490340C-6110-4BEA-B61E-D8DF809DF498}.Release|Any CPU.ActiveCfg = Release|Any CPU
		{4490340C-6110-4BEA-B61E-D8DF809DF498}.Release|Any CPU.Build.0 = Release|Any CPU
		{C66F59D2-9FF8-4410-9311-E658F47EA755}.Debug|Any CPU.ActiveCfg = Debug|Any CPU
		{C66F59D2-9FF8-4410-9311-E658F47EA755}.Debug|Any CPU.Build.0 = Debug|Any CPU
		{C66F59D2-9FF8-4410-9311-E658F47EA755}.Release|Any CPU.ActiveCfg = Release|Any CPU
		{C66F59D2-9FF8-4410-9311-E658F47EA755}.Release|Any CPU.Build.0 = Release|Any CPU
		{212C3AF7-5F79-4D88-92B6-E6B211C04BC4}.Debug|Any CPU.ActiveCfg = Debug|Any CPU
		{212C3AF7-5F79-4D88-92B6-E6B211C04BC4}.Debug|Any CPU.Build.0 = Debug|Any CPU
		{212C3AF7-5F79-4D88-92B6-E6B211C04BC4}.Release|Any CPU.ActiveCfg = Release|Any CPU
		{212C3AF7-5F79-4D88-92B6-E6B211C04BC4}.Release|Any CPU.Build.0 = Release|Any CPU
		{D590AA97-7029-440B-8F26-4819E5B4289B}.Debug|Any CPU.ActiveCfg = Debug|Any CPU
		{D590AA97-7029-440B-8F26-4819E5B4289B}.Debug|Any CPU.Build.0 = Debug|Any CPU
		{D590AA97-7029-440B-8F26-4819E5B4289B}.Release|Any CPU.ActiveCfg = Release|Any CPU
		{D590AA97-7029-440B-8F26-4819E5B4289B}.Release|Any CPU.Build.0 = Release|Any CPU
	EndGlobalSection
	GlobalSection(SolutionProperties) = preSolution
		HideSolutionNode = FALSE
	EndGlobalSection
	GlobalSection(ExtensibilityGlobals) = postSolution
		SolutionGuid = {2EAB1E36-C139-4203-8B20-C84E35565A9A}
	EndGlobalSection
EndGlobal
